
Microsoft Visual Studio Solution File, Format Version 12.00
# Visual Studio 15
VisualStudioVersion = 15.0.27130.2003
MinimumVisualStudioVersion = 10.0.40219.1
Project("{FAE04EC0-301F-11D3-BF4B-00C04F79EFBC}") = "Despensa.Dominio", "Dominio\Despensa.Dominio.csproj", "{481AA88B-E5D0-41EB-BE5F-4D4ED8EC5B3F}"
EndProject
Project("{FAE04EC0-301F-11D3-BF4B-00C04F79EFBC}") = "Despensa.Compartilhados", "Despensa.Compartilhados\Despensa.Compartilhados.csproj", "{D5564069-222D-4E5F-BB37-3985F81A89FA}"
EndProject
Project("{2150E333-8FDC-42A3-9474-1A3956D46DE8}") = "Solution Items", "Solution Items", "{652B59C4-CCA2-44C3-A490-27F15B5D1952}"
	ProjectSection(SolutionItems) = preProject
		Fluxo_CriarUsuario.txt = Fluxo_CriarUsuario.txt
		Fluxo_GerarCodigo.txt = Fluxo_GerarCodigo.txt
		Fluxo_Login.txt = Fluxo_Login.txt
	EndProjectSection
EndProject
Global
	GlobalSection(SolutionConfigurationPlatforms) = preSolution
		Debug|Any CPU = Debug|Any CPU
		Release|Any CPU = Release|Any CPU
	EndGlobalSection
	GlobalSection(ProjectConfigurationPlatforms) = postSolution
		{481AA88B-E5D0-41EB-BE5F-4D4ED8EC5B3F}.Debug|Any CPU.ActiveCfg = Debug|Any CPU
		{481AA88B-E5D0-41EB-BE5F-4D4ED8EC5B3F}.Debug|Any CPU.Build.0 = Debug|Any CPU
		{481AA88B-E5D0-41EB-BE5F-4D4ED8EC5B3F}.Release|Any CPU.ActiveCfg = Release|Any CPU
		{481AA88B-E5D0-41EB-BE5F-4D4ED8EC5B3F}.Release|Any CPU.Build.0 = Release|Any CPU
		{D5564069-222D-4E5F-BB37-3985F81A89FA}.Debug|Any CPU.ActiveCfg = Debug|Any CPU
		{D5564069-222D-4E5F-BB37-3985F81A89FA}.Debug|Any CPU.Build.0 = Debug|Any CPU
		{D5564069-222D-4E5F-BB37-3985F81A89FA}.Release|Any CPU.ActiveCfg = Release|Any CPU
		{D5564069-222D-4E5F-BB37-3985F81A89FA}.Release|Any CPU.Build.0 = Release|Any CPU
	EndGlobalSection
	GlobalSection(SolutionProperties) = preSolution
		HideSolutionNode = FALSE
	EndGlobalSection
	GlobalSection(ExtensibilityGlobals) = postSolution
		SolutionGuid = {DE5C1C2B-3DBB-409D-8EEB-7DFDC83F4545}
	EndGlobalSection
EndGlobal
